
Microsoft Visual Studio Solution File, Format Version 12.00
# Visual Studio 15
VisualStudioVersion = 15.0.28010.2050
MinimumVisualStudioVersion = 10.0.40219.1
Project("{8BC9CEB8-8B4A-11D0-8D11-00A0C91BC942}") = "VtToMe", "VtToMe\VtToMe.vcxproj", "{EC610202-979C-40CC-B409-FF363D430290}"
EndProject
Global
	GlobalSection(SolutionConfigurationPlatforms) = preSolution
		Debug|ARM = Debug|ARM
		Debug|ARM64 = Debug|ARM64
		Debug|x64 = Debug|x64
		Debug|x86 = Debug|x86
		Release|ARM = Release|ARM
		Release|ARM64 = Release|ARM64
		Release|x64 = Release|x64
		Release|x86 = Release|x86
	EndGlobalSection
	GlobalSection(ProjectConfigurationPlatforms) = postSolution
		{EC610202-979C-40CC-B409-FF363D430290}.Debug|ARM.ActiveCfg = Debug|ARM
		{EC610202-979C-40CC-B409-FF363D430290}.Debug|ARM.Build.0 = Debug|ARM
		{EC610202-979C-40CC-B409-FF363D430290}.Debug|ARM.Deploy.0 = Debug|ARM
		{EC610202-979C-40CC-B409-FF363D430290}.Debug|ARM64.ActiveCfg = Debug|ARM64
		{EC610202-979C-40CC-B409-FF363D430290}.Debug|ARM64.Build.0 = Debug|ARM64
		{EC610202-979C-40CC-B409-FF363D430290}.Debug|ARM64.Deploy.0 = Debug|ARM64
		{EC610202-979C-40CC-B409-FF363D430290}.Debug|x64.ActiveCfg = Debug|x64
		{EC610202-979C-40CC-B409-FF363D430290}.Debug|x64.Build.0 = Debug|x64
		{EC610202-979C-40CC-B409-FF363D430290}.Debug|x64.Deploy.0 = Debug|x64
		{EC610202-979C-40CC-B409-FF363D430290}.Debug|x86.ActiveCfg = Debug|Win32
		{EC610202-979C-40CC-B409-FF363D430290}.Debug|x86.Build.0 = Debug|Win32
		{EC610202-979C-40CC-B409-FF363D430290}.Debug|x86.Deploy.0 = Debug|Win32
		{EC610202-979C-40CC-B409-FF363D430290}.Release|ARM.ActiveCfg = Release|ARM
		{EC610202-979C-40CC-B409-FF363D430290}.Release|ARM.Build.0 = Release|ARM
		{EC610202-979C-40CC-B409-FF363D430290}.Release|ARM.Deploy.0 = Release|ARM
		{EC610202-979C-40CC-B409-FF363D430290}.Release|ARM64.ActiveCfg = Release|ARM64
		{EC610202-979C-40CC-B409-FF363D430290}.Release|ARM64.Build.0 = Release|ARM64
		{EC610202-979C-40CC-B409-FF363D430290}.Release|ARM64.Deploy.0 = Release|ARM64
		{EC610202-979C-40CC-B409-FF363D430290}.Release|x64.ActiveCfg = Release|x64
		{EC610202-979C-40CC-B409-FF363D430290}.Release|x64.Build.0 = Release|x64
		{EC610202-979C-40CC-B409-FF363D430290}.Release|x64.Deploy.0 = Release|x64
		{EC610202-979C-40CC-B409-FF363D430290}.Release|x86.ActiveCfg = Release|Win32
		{EC610202-979C-40CC-B409-FF363D430290}.Release|x86.Build.0 = Release|Win32
		{EC610202-979C-40CC-B409-FF363D430290}.Release|x86.Deploy.0 = Release|Win32
	EndGlobalSection
	GlobalSection(SolutionProperties) = preSolution
		HideSolutionNode = FALSE
	EndGlobalSection
	GlobalSection(ExtensibilityGlobals) = postSolution
		SolutionGuid = {C4785974-AE94-4960-989E-89B9B5389025}
	EndGlobalSection
EndGlobal
